// !$*UTF8*$!
{
	archiveVersion = 1;
	classes = {
	};
	objectVersion = 56;
	objects = {

/* Begin PBXBuildFile section */
		53002F702992E09D00434200 /* AfricaApp.swift in Sources */ = {isa = PBXBuildFile; fileRef = 53002F6F2992E09D00434200 /* AfricaApp.swift */; };
		53002F722992E09D00434200 /* ContentView.swift in Sources */ = {isa = PBXBuildFile; fileRef = 53002F712992E09D00434200 /* ContentView.swift */; };
		53002F742992E09E00434200 /* Assets.xcassets in Resources */ = {isa = PBXBuildFile; fileRef = 53002F732992E09E00434200 /* Assets.xcassets */; };
		53002F772992E09E00434200 /* Preview Assets.xcassets in Resources */ = {isa = PBXBuildFile; fileRef = 53002F762992E09E00434200 /* Preview Assets.xcassets */; };
		53153A1A299D71940087F02B /* AnimalGridItemView.swift in Sources */ = {isa = PBXBuildFile; fileRef = 53153A19299D71940087F02B /* AnimalGridItemView.swift */; };
		532FCB912992E9EB00A92C1F /* hippo.mp4 in Resources */ = {isa = PBXBuildFile; fileRef = 532FCB872992E9E900A92C1F /* hippo.mp4 */; };
		532FCB922992E9EB00A92C1F /* cheetah.mp4 in Resources */ = {isa = PBXBuildFile; fileRef = 532FCB882992E9E900A92C1F /* cheetah.mp4 */; };
		532FCB932992E9EB00A92C1F /* giraffe.mp4 in Resources */ = {isa = PBXBuildFile; fileRef = 532FCB892992E9E900A92C1F /* giraffe.mp4 */; };
		532FCB942992E9EB00A92C1F /* elephant.mp4 in Resources */ = {isa = PBXBuildFile; fileRef = 532FCB8A2992E9EA00A92C1F /* elephant.mp4 */; };
		532FCB952992E9EB00A92C1F /* lioness.mp4 in Resources */ = {isa = PBXBuildFile; fileRef = 532FCB8B2992E9EA00A92C1F /* lioness.mp4 */; };
		532FCB962992E9EB00A92C1F /* ostrich.mp4 in Resources */ = {isa = PBXBuildFile; fileRef = 532FCB8C2992E9EA00A92C1F /* ostrich.mp4 */; };
		532FCB972992E9EB00A92C1F /* zebra.mp4 in Resources */ = {isa = PBXBuildFile; fileRef = 532FCB8D2992E9EA00A92C1F /* zebra.mp4 */; };
		532FCB982992E9EB00A92C1F /* gorilla.mp4 in Resources */ = {isa = PBXBuildFile; fileRef = 532FCB8E2992E9EA00A92C1F /* gorilla.mp4 */; };
		532FCB992992E9EB00A92C1F /* lion.mp4 in Resources */ = {isa = PBXBuildFile; fileRef = 532FCB8F2992E9EA00A92C1F /* lion.mp4 */; };
		532FCB9A2992E9EB00A92C1F /* rhino.mp4 in Resources */ = {isa = PBXBuildFile; fileRef = 532FCB902992E9EB00A92C1F /* rhino.mp4 */; };
		532FCBA02992EB0500A92C1F /* locations.json in Resources */ = {isa = PBXBuildFile; fileRef = 532FCB9C2992EB0500A92C1F /* locations.json */; };
		532FCBA12992EB0500A92C1F /* videos.json in Resources */ = {isa = PBXBuildFile; fileRef = 532FCB9D2992EB0500A92C1F /* videos.json */; };
		532FCBA22992EB0500A92C1F /* covers.json in Resources */ = {isa = PBXBuildFile; fileRef = 532FCB9E2992EB0500A92C1F /* covers.json */; };
		532FCBA32992EB0500A92C1F /* animals.json in Resources */ = {isa = PBXBuildFile; fileRef = 532FCB9F2992EB0500A92C1F /* animals.json */; };
		534C25AF299AB3FB00002080 /* VideoModel.swift in Sources */ = {isa = PBXBuildFile; fileRef = 534C25AE299AB3FB00002080 /* VideoModel.swift */; };
		534C25B1299AB50300002080 /* VideoListItemView.swift in Sources */ = {isa = PBXBuildFile; fileRef = 534C25B0299AB50300002080 /* VideoListItemView.swift */; };
		534C25B3299AD51000002080 /* VideoPlayerView.swift in Sources */ = {isa = PBXBuildFile; fileRef = 534C25B2299AD51000002080 /* VideoPlayerView.swift */; };
		534C25B6299AD8D900002080 /* VideoPlayerHelper.swift in Sources */ = {isa = PBXBuildFile; fileRef = 534C25B5299AD8D900002080 /* VideoPlayerHelper.swift */; };
		534C25B8299BF3F300002080 /* LocationModel.swift in Sources */ = {isa = PBXBuildFile; fileRef = 534C25B7299BF3F300002080 /* LocationModel.swift */; };
		534C25BA299C018300002080 /* MapAnnotationView.swift in Sources */ = {isa = PBXBuildFile; fileRef = 534C25B9299C018300002080 /* MapAnnotationView.swift */; };
		534C25BC299C121200002080 /* MotionAnimationView.swift in Sources */ = {isa = PBXBuildFile; fileRef = 534C25BB299C121200002080 /* MotionAnimationView.swift */; };
		536C87F129941B920000F147 /* VideoListView.swift in Sources */ = {isa = PBXBuildFile; fileRef = 536C87F029941B920000F147 /* VideoListView.swift */; };
		536C87F329941CFF0000F147 /* MapView.swift in Sources */ = {isa = PBXBuildFile; fileRef = 536C87F229941CFF0000F147 /* MapView.swift */; };
		536C87F529941E0E0000F147 /* GalleryView.swift in Sources */ = {isa = PBXBuildFile; fileRef = 536C87F429941E0E0000F147 /* GalleryView.swift */; };
		536C87F729941E700000F147 /* MainView.swift in Sources */ = {isa = PBXBuildFile; fileRef = 536C87F629941E700000F147 /* MainView.swift */; };
		536C87FA29955F780000F147 /* CoverImageVew.swift in Sources */ = {isa = PBXBuildFile; fileRef = 536C87F929955F780000F147 /* CoverImageVew.swift */; };
		536C87FD2995685F0000F147 /* CoverImageModel.swift in Sources */ = {isa = PBXBuildFile; fileRef = 536C87FC2995685F0000F147 /* CoverImageModel.swift */; };
		536C880029956C8B0000F147 /* CodableBundleExtension.swift in Sources */ = {isa = PBXBuildFile; fileRef = 536C87FF29956C8B0000F147 /* CodableBundleExtension.swift */; };
		536C8804299593AA0000F147 /* AnimalListItemView.swift in Sources */ = {isa = PBXBuildFile; fileRef = 536C8803299593AA0000F147 /* AnimalListItemView.swift */; };
		536C88062996B5DB0000F147 /* AnimalModel.swift in Sources */ = {isa = PBXBuildFile; fileRef = 536C88052996B5DB0000F147 /* AnimalModel.swift */; };
		536C88082996BFA00000F147 /* AnimalDetailView.swift in Sources */ = {isa = PBXBuildFile; fileRef = 536C88072996BFA00000F147 /* AnimalDetailView.swift */; };
		536C880A2996C9840000F147 /* HeadingView.swift in Sources */ = {isa = PBXBuildFile; fileRef = 536C88092996C9840000F147 /* HeadingView.swift */; };
		536C880C2996D7190000F147 /* InsetGalleryView.swift in Sources */ = {isa = PBXBuildFile; fileRef = 536C880B2996D7190000F147 /* InsetGalleryView.swift */; };
		536C880E299704570000F147 /* InsetFactView.swift in Sources */ = {isa = PBXBuildFile; fileRef = 536C880D299704570000F147 /* InsetFactView.swift */; };
		538BF4BA299FFE95003B42D8 /* CreditsView.swift in Sources */ = {isa = PBXBuildFile; fileRef = 538BF4B9299FFE95003B42D8 /* CreditsView.swift */; };
		538BF4BF29A00322003B42D8 /* CenterModifier.swift in Sources */ = {isa = PBXBuildFile; fileRef = 538BF4BE29A00322003B42D8 /* CenterModifier.swift */; };
		53D9B0A229980FDD003D0AD3 /* InsetMapView.swift in Sources */ = {isa = PBXBuildFile; fileRef = 53D9B0A129980FDD003D0AD3 /* InsetMapView.swift */; };
		53D9B0A429981BE3003D0AD3 /* ExternalWebllinkView.swift in Sources */ = {isa = PBXBuildFile; fileRef = 53D9B0A329981BE3003D0AD3 /* ExternalWebllinkView.swift */; };
/* End PBXBuildFile section */

/* Begin PBXFileReference section */
		53002F6C2992E09D00434200 /* Africa.app */ = {isa = PBXFileReference; explicitFileType = wrapper.application; includeInIndex = 0; path = Africa.app; sourceTree = BUILT_PRODUCTS_DIR; };
		53002F6F2992E09D00434200 /* AfricaApp.swift */ = {isa = PBXFileReference; lastKnownFileType = sourcecode.swift; path = AfricaApp.swift; sourceTree = "<group>"; };
		53002F712992E09D00434200 /* ContentView.swift */ = {isa = PBXFileReference; lastKnownFileType = sourcecode.swift; path = ContentView.swift; sourceTree = "<group>"; };
		53002F732992E09E00434200 /* Assets.xcassets */ = {isa = PBXFileReference; lastKnownFileType = folder.assetcatalog; path = Assets.xcassets; sourceTree = "<group>"; };
		53002F762992E09E00434200 /* Preview Assets.xcassets */ = {isa = PBXFileReference; lastKnownFileType = folder.assetcatalog; path = "Preview Assets.xcassets"; sourceTree = "<group>"; };
		53153A19299D71940087F02B /* AnimalGridItemView.swift */ = {isa = PBXFileReference; lastKnownFileType = sourcecode.swift; path = AnimalGridItemView.swift; sourceTree = "<group>"; };
		532FCB872992E9E900A92C1F /* hippo.mp4 */ = {isa = PBXFileReference; lastKnownFileType = file; path = hippo.mp4; sourceTree = "<group>"; };
		532FCB882992E9E900A92C1F /* cheetah.mp4 */ = {isa = PBXFileReference; lastKnownFileType = file; path = cheetah.mp4; sourceTree = "<group>"; };
		532FCB892992E9E900A92C1F /* giraffe.mp4 */ = {isa = PBXFileReference; lastKnownFileType = file; path = giraffe.mp4; sourceTree = "<group>"; };
		532FCB8A2992E9EA00A92C1F /* elephant.mp4 */ = {isa = PBXFileReference; lastKnownFileType = file; path = elephant.mp4; sourceTree = "<group>"; };
		532FCB8B2992E9EA00A92C1F /* lioness.mp4 */ = {isa = PBXFileReference; lastKnownFileType = file; path = lioness.mp4; sourceTree = "<group>"; };
		532FCB8C2992E9EA00A92C1F /* ostrich.mp4 */ = {isa = PBXFileReference; lastKnownFileType = file; path = ostrich.mp4; sourceTree = "<group>"; };
		532FCB8D2992E9EA00A92C1F /* zebra.mp4 */ = {isa = PBXFileReference; lastKnownFileType = file; path = zebra.mp4; sourceTree = "<group>"; };
		532FCB8E2992E9EA00A92C1F /* gorilla.mp4 */ = {isa = PBXFileReference; lastKnownFileType = file; path = gorilla.mp4; sourceTree = "<group>"; };
		532FCB8F2992E9EA00A92C1F /* lion.mp4 */ = {isa = PBXFileReference; lastKnownFileType = file; path = lion.mp4; sourceTree = "<group>"; };
		532FCB902992E9EB00A92C1F /* rhino.mp4 */ = {isa = PBXFileReference; lastKnownFileType = file; path = rhino.mp4; sourceTree = "<group>"; };
		532FCB9C2992EB0500A92C1F /* locations.json */ = {isa = PBXFileReference; fileEncoding = 4; lastKnownFileType = text.json; path = locations.json; sourceTree = "<group>"; };
		532FCB9D2992EB0500A92C1F /* videos.json */ = {isa = PBXFileReference; fileEncoding = 4; lastKnownFileType = text.json; path = videos.json; sourceTree = "<group>"; };
		532FCB9E2992EB0500A92C1F /* covers.json */ = {isa = PBXFileReference; fileEncoding = 4; lastKnownFileType = text.json; path = covers.json; sourceTree = "<group>"; };
		532FCB9F2992EB0500A92C1F /* animals.json */ = {isa = PBXFileReference; fileEncoding = 4; lastKnownFileType = text.json; path = animals.json; sourceTree = "<group>"; };
		532FCBA42992EEE800A92C1F /* Info.plist */ = {isa = PBXFileReference; lastKnownFileType = text.plist; path = Info.plist; sourceTree = "<group>"; };
		534C25AE299AB3FB00002080 /* VideoModel.swift */ = {isa = PBXFileReference; lastKnownFileType = sourcecode.swift; path = VideoModel.swift; sourceTree = "<group>"; };
		534C25B0299AB50300002080 /* VideoListItemView.swift */ = {isa = PBXFileReference; lastKnownFileType = sourcecode.swift; path = VideoListItemView.swift; sourceTree = "<group>"; };
		534C25B2299AD51000002080 /* VideoPlayerView.swift */ = {isa = PBXFileReference; lastKnownFileType = sourcecode.swift; path = VideoPlayerView.swift; sourceTree = "<group>"; };
		534C25B5299AD8D900002080 /* VideoPlayerHelper.swift */ = {isa = PBXFileReference; lastKnownFileType = sourcecode.swift; path = VideoPlayerHelper.swift; sourceTree = "<group>"; };
		534C25B7299BF3F300002080 /* LocationModel.swift */ = {isa = PBXFileReference; lastKnownFileType = sourcecode.swift; path = LocationModel.swift; sourceTree = "<group>"; };
		534C25B9299C018300002080 /* MapAnnotationView.swift */ = {isa = PBXFileReference; lastKnownFileType = sourcecode.swift; path = MapAnnotationView.swift; sourceTree = "<group>"; };
		534C25BB299C121200002080 /* MotionAnimationView.swift */ = {isa = PBXFileReference; lastKnownFileType = sourcecode.swift; path = MotionAnimationView.swift; sourceTree = "<group>"; };
		536C87F029941B920000F147 /* VideoListView.swift */ = {isa = PBXFileReference; lastKnownFileType = sourcecode.swift; path = VideoListView.swift; sourceTree = "<group>"; };
		536C87F229941CFF0000F147 /* MapView.swift */ = {isa = PBXFileReference; lastKnownFileType = sourcecode.swift; path = MapView.swift; sourceTree = "<group>"; };
		536C87F429941E0E0000F147 /* GalleryView.swift */ = {isa = PBXFileReference; lastKnownFileType = sourcecode.swift; path = GalleryView.swift; sourceTree = "<group>"; };
		536C87F629941E700000F147 /* MainView.swift */ = {isa = PBXFileReference; lastKnownFileType = sourcecode.swift; path = MainView.swift; sourceTree = "<group>"; };
		536C87F929955F780000F147 /* CoverImageVew.swift */ = {isa = PBXFileReference; lastKnownFileType = sourcecode.swift; path = CoverImageVew.swift; sourceTree = "<group>"; };
		536C87FC2995685F0000F147 /* CoverImageModel.swift */ = {isa = PBXFileReference; lastKnownFileType = sourcecode.swift; path = CoverImageModel.swift; sourceTree = "<group>"; };
		536C87FF29956C8B0000F147 /* CodableBundleExtension.swift */ = {isa = PBXFileReference; lastKnownFileType = sourcecode.swift; path = CodableBundleExtension.swift; sourceTree = "<group>"; };
		536C8803299593AA0000F147 /* AnimalListItemView.swift */ = {isa = PBXFileReference; lastKnownFileType = sourcecode.swift; path = AnimalListItemView.swift; sourceTree = "<group>"; };
		536C88052996B5DB0000F147 /* AnimalModel.swift */ = {isa = PBXFileReference; lastKnownFileType = sourcecode.swift; path = AnimalModel.swift; sourceTree = "<group>"; };
		536C88072996BFA00000F147 /* AnimalDetailView.swift */ = {isa = PBXFileReference; lastKnownFileType = sourcecode.swift; path = AnimalDetailView.swift; sourceTree = "<group>"; };
		536C88092996C9840000F147 /* HeadingView.swift */ = {isa = PBXFileReference; lastKnownFileType = sourcecode.swift; path = HeadingView.swift; sourceTree = "<group>"; };
		536C880B2996D7190000F147 /* InsetGalleryView.swift */ = {isa = PBXFileReference; lastKnownFileType = sourcecode.swift; path = InsetGalleryView.swift; sourceTree = "<group>"; };
		536C880D299704570000F147 /* InsetFactView.swift */ = {isa = PBXFileReference; lastKnownFileType = sourcecode.swift; path = InsetFactView.swift; sourceTree = "<group>"; };
		538BF4B9299FFE95003B42D8 /* CreditsView.swift */ = {isa = PBXFileReference; lastKnownFileType = sourcecode.swift; path = CreditsView.swift; sourceTree = "<group>"; };
		538BF4BE29A00322003B42D8 /* CenterModifier.swift */ = {isa = PBXFileReference; lastKnownFileType = sourcecode.swift; path = CenterModifier.swift; sourceTree = "<group>"; };
		53D9B0A129980FDD003D0AD3 /* InsetMapView.swift */ = {isa = PBXFileReference; lastKnownFileType = sourcecode.swift; path = InsetMapView.swift; sourceTree = "<group>"; };
		53D9B0A329981BE3003D0AD3 /* ExternalWebllinkView.swift */ = {isa = PBXFileReference; lastKnownFileType = sourcecode.swift; path = ExternalWebllinkView.swift; sourceTree = "<group>"; };
/* End PBXFileReference section */

/* Begin PBXFrameworksBuildPhase section */
		53002F692992E09D00434200 /* Frameworks */ = {
			isa = PBXFrameworksBuildPhase;
			buildActionMask = 2147483647;
			files = (
			);
			runOnlyForDeploymentPostprocessing = 0;
		};
/* End PBXFrameworksBuildPhase section */

/* Begin PBXGroup section */
		53002F632992E09D00434200 = {
			isa = PBXGroup;
			children = (
				53002F6E2992E09D00434200 /* Africa */,
				53002F6D2992E09D00434200 /* Products */,
			);
			sourceTree = "<group>";
		};
		53002F6D2992E09D00434200 /* Products */ = {
			isa = PBXGroup;
			children = (
				53002F6C2992E09D00434200 /* Africa.app */,
			);
			name = Products;
			sourceTree = "<group>";
		};
		53002F6E2992E09D00434200 /* Africa */ = {
			isa = PBXGroup;
			children = (
				538BF4BB29A002BD003B42D8 /* Modifier */,
				534C25B4299AD86E00002080 /* Helper */,
				536C87FE29956C670000F147 /* Extension */,
				536C87FB299568230000F147 /* Model */,
				536C87F829955F380000F147 /* View */,
				532FCBA42992EEE800A92C1F /* Info.plist */,
				532FCB9B2992EA2E00A92C1F /* Data */,
				532FCB862992E9A700A92C1F /* Video */,
				536C87EF29941B150000F147 /* App */,
				53002F732992E09E00434200 /* Assets.xcassets */,
				53002F752992E09E00434200 /* Preview Content */,
			);
			path = Africa;
			sourceTree = "<group>";
		};
		53002F752992E09E00434200 /* Preview Content */ = {
			isa = PBXGroup;
			children = (
				53002F762992E09E00434200 /* Preview Assets.xcassets */,
			);
			path = "Preview Content";
			sourceTree = "<group>";
		};
		532FCB862992E9A700A92C1F /* Video */ = {
			isa = PBXGroup;
			children = (
				532FCB882992E9E900A92C1F /* cheetah.mp4 */,
				532FCB8A2992E9EA00A92C1F /* elephant.mp4 */,
				532FCB892992E9E900A92C1F /* giraffe.mp4 */,
				532FCB8E2992E9EA00A92C1F /* gorilla.mp4 */,
				532FCB872992E9E900A92C1F /* hippo.mp4 */,
				532FCB8F2992E9EA00A92C1F /* lion.mp4 */,
				532FCB8B2992E9EA00A92C1F /* lioness.mp4 */,
				532FCB8C2992E9EA00A92C1F /* ostrich.mp4 */,
				532FCB902992E9EB00A92C1F /* rhino.mp4 */,
				532FCB8D2992E9EA00A92C1F /* zebra.mp4 */,
			);
			path = Video;
			sourceTree = "<group>";
		};
		532FCB9B2992EA2E00A92C1F /* Data */ = {
			isa = PBXGroup;
			children = (
				532FCB9F2992EB0500A92C1F /* animals.json */,
				532FCB9E2992EB0500A92C1F /* covers.json */,
				532FCB9C2992EB0500A92C1F /* locations.json */,
				532FCB9D2992EB0500A92C1F /* videos.json */,
			);
			path = Data;
			sourceTree = "<group>";
		};
		534C25B4299AD86E00002080 /* Helper */ = {
			isa = PBXGroup;
			children = (
				534C25B5299AD8D900002080 /* VideoPlayerHelper.swift */,
			);
			path = Helper;
			sourceTree = "<group>";
		};
		536C87EF29941B150000F147 /* App */ = {
			isa = PBXGroup;
			children = (
				53002F712992E09D00434200 /* ContentView.swift */,
				53002F6F2992E09D00434200 /* AfricaApp.swift */,
				536C87F029941B920000F147 /* VideoListView.swift */,
				536C87F229941CFF0000F147 /* MapView.swift */,
				536C87F429941E0E0000F147 /* GalleryView.swift */,
				536C87F629941E700000F147 /* MainView.swift */,
			);
			path = App;
			sourceTree = "<group>";
		};
		536C87F829955F380000F147 /* View */ = {
			isa = PBXGroup;
			children = (
				536C87F929955F780000F147 /* CoverImageVew.swift */,
				536C8803299593AA0000F147 /* AnimalListItemView.swift */,
				536C88072996BFA00000F147 /* AnimalDetailView.swift */,
				536C88092996C9840000F147 /* HeadingView.swift */,
				536C880B2996D7190000F147 /* InsetGalleryView.swift */,
				536C880D299704570000F147 /* InsetFactView.swift */,
				53D9B0A129980FDD003D0AD3 /* InsetMapView.swift */,
				53D9B0A329981BE3003D0AD3 /* ExternalWebllinkView.swift */,
				534C25B0299AB50300002080 /* VideoListItemView.swift */,
				534C25B2299AD51000002080 /* VideoPlayerView.swift */,
				534C25B9299C018300002080 /* MapAnnotationView.swift */,
				534C25BB299C121200002080 /* MotionAnimationView.swift */,
				53153A19299D71940087F02B /* AnimalGridItemView.swift */,
				538BF4B9299FFE95003B42D8 /* CreditsView.swift */,
			);
			path = View;
			sourceTree = "<group>";
		};
		536C87FB299568230000F147 /* Model */ = {
			isa = PBXGroup;
			children = (
				536C87FC2995685F0000F147 /* CoverImageModel.swift */,
				536C88052996B5DB0000F147 /* AnimalModel.swift */,
				534C25AE299AB3FB00002080 /* VideoModel.swift */,
				534C25B7299BF3F300002080 /* LocationModel.swift */,
			);
			path = Model;
			sourceTree = "<group>";
		};
		536C87FE29956C670000F147 /* Extension */ = {
			isa = PBXGroup;
			children = (
				536C87FF29956C8B0000F147 /* CodableBundleExtension.swift */,
			);
			path = Extension;
			sourceTree = "<group>";
		};
		538BF4BB29A002BD003B42D8 /* Modifier */ = {
			isa = PBXGroup;
			children = (
				538BF4BE29A00322003B42D8 /* CenterModifier.swift */,
			);
			path = Modifier;
			sourceTree = "<group>";
		};
/* End PBXGroup section */

/* Begin PBXNativeTarget section */
		53002F6B2992E09D00434200 /* Africa */ = {
			isa = PBXNativeTarget;
			buildConfigurationList = 53002F7A2992E09E00434200 /* Build configuration list for PBXNativeTarget "Africa" */;
			buildPhases = (
				53002F682992E09D00434200 /* Sources */,
				53002F692992E09D00434200 /* Frameworks */,
				53002F6A2992E09D00434200 /* Resources */,
			);
			buildRules = (
			);
			dependencies = (
			);
			name = Africa;
			productName = Africa;
			productReference = 53002F6C2992E09D00434200 /* Africa.app */;
			productType = "com.apple.product-type.application";
		};
/* End PBXNativeTarget section */

/* Begin PBXProject section */
		53002F642992E09D00434200 /* Project object */ = {
			isa = PBXProject;
			attributes = {
				BuildIndependentTargetsInParallel = 1;
				LastSwiftUpdateCheck = 1420;
				LastUpgradeCheck = 1420;
				TargetAttributes = {
					53002F6B2992E09D00434200 = {
						CreatedOnToolsVersion = 14.2;
					};
				};
			};
			buildConfigurationList = 53002F672992E09D00434200 /* Build configuration list for PBXProject "Africa" */;
			compatibilityVersion = "Xcode 14.0";
			developmentRegion = en;
			hasScannedForEncodings = 0;
			knownRegions = (
				en,
				Base,
			);
			mainGroup = 53002F632992E09D00434200;
			productRefGroup = 53002F6D2992E09D00434200 /* Products */;
			projectDirPath = "";
			projectRoot = "";
			targets = (
				53002F6B2992E09D00434200 /* Africa */,
			);
		};
/* End PBXProject section */

/* Begin PBXResourcesBuildPhase section */
		53002F6A2992E09D00434200 /* Resources */ = {
			isa = PBXResourcesBuildPhase;
			buildActionMask = 2147483647;
			files = (
				532FCBA02992EB0500A92C1F /* locations.json in Resources */,
				532FCB9A2992E9EB00A92C1F /* rhino.mp4 in Resources */,
				532FCB922992E9EB00A92C1F /* cheetah.mp4 in Resources */,
				532FCBA12992EB0500A92C1F /* videos.json in Resources */,
				53002F772992E09E00434200 /* Preview Assets.xcassets in Resources */,
				532FCB982992E9EB00A92C1F /* gorilla.mp4 in Resources */,
				532FCB942992E9EB00A92C1F /* elephant.mp4 in Resources */,
				532FCB912992E9EB00A92C1F /* hippo.mp4 in Resources */,
				53002F742992E09E00434200 /* Assets.xcassets in Resources */,
				532FCBA32992EB0500A92C1F /* animals.json in Resources */,
				532FCB952992E9EB00A92C1F /* lioness.mp4 in Resources */,
				532FCBA22992EB0500A92C1F /* covers.json in Resources */,
				532FCB962992E9EB00A92C1F /* ostrich.mp4 in Resources */,
				532FCB992992E9EB00A92C1F /* lion.mp4 in Resources */,
				532FCB972992E9EB00A92C1F /* zebra.mp4 in Resources */,
				532FCB932992E9EB00A92C1F /* giraffe.mp4 in Resources */,
			);
			runOnlyForDeploymentPostprocessing = 0;
		};
/* End PBXResourcesBuildPhase section */

/* Begin PBXSourcesBuildPhase section */
		53002F682992E09D00434200 /* Sources */ = {
			isa = PBXSourcesBuildPhase;
			buildActionMask = 2147483647;
			files = (
				53002F722992E09D00434200 /* ContentView.swift in Sources */,
				536C8804299593AA0000F147 /* AnimalListItemView.swift in Sources */,
				536C87F729941E700000F147 /* MainView.swift in Sources */,
				536C880E299704570000F147 /* InsetFactView.swift in Sources */,
				536C87F529941E0E0000F147 /* GalleryView.swift in Sources */,
				536C87FD2995685F0000F147 /* CoverImageModel.swift in Sources */,
				536C88082996BFA00000F147 /* AnimalDetailView.swift in Sources */,
				536C88062996B5DB0000F147 /* AnimalModel.swift in Sources */,
				536C87F329941CFF0000F147 /* MapView.swift in Sources */,
				53D9B0A229980FDD003D0AD3 /* InsetMapView.swift in Sources */,
				534C25B6299AD8D900002080 /* VideoPlayerHelper.swift in Sources */,
				53002F702992E09D00434200 /* AfricaApp.swift in Sources */,
				536C87FA29955F780000F147 /* CoverImageVew.swift in Sources */,
				534C25BA299C018300002080 /* MapAnnotationView.swift in Sources */,
				536C87F129941B920000F147 /* VideoListView.swift in Sources */,
				534C25AF299AB3FB00002080 /* VideoModel.swift in Sources */,
				536C880C2996D7190000F147 /* InsetGalleryView.swift in Sources */,
				534C25B8299BF3F300002080 /* LocationModel.swift in Sources */,
				53153A1A299D71940087F02B /* AnimalGridItemView.swift in Sources */,
				53D9B0A429981BE3003D0AD3 /* ExternalWebllinkView.swift in Sources */,
				534C25B1299AB50300002080 /* VideoListItemView.swift in Sources */,
				538BF4BA299FFE95003B42D8 /* CreditsView.swift in Sources */,
				536C880029956C8B0000F147 /* CodableBundleExtension.swift in Sources */,
				534C25BC299C121200002080 /* MotionAnimationView.swift in Sources */,
				538BF4BF29A00322003B42D8 /* CenterModifier.swift in Sources */,
				536C880A2996C9840000F147 /* HeadingView.swift in Sources */,
				534C25B3299AD51000002080 /* VideoPlayerView.swift in Sources */,
			);
			runOnlyForDeploymentPostprocessing = 0;
		};
/* End PBXSourcesBuildPhase section */

/* Begin XCBuildConfiguration section */
		53002F782992E09E00434200 /* Debug */ = {
			isa = XCBuildConfiguration;
			buildSettings = {
				ALWAYS_SEARCH_USER_PATHS = NO;
				CLANG_ANALYZER_NONNULL = YES;
				CLANG_ANALYZER_NUMBER_OBJECT_CONVERSION = YES_AGGRESSIVE;
				CLANG_CXX_LANGUAGE_STANDARD = "gnu++20";
				CLANG_ENABLE_MODULES = YES;
				CLANG_ENABLE_OBJC_ARC = YES;
				CLANG_ENABLE_OBJC_WEAK = YES;
				CLANG_WARN_BLOCK_CAPTURE_AUTORELEASING = YES;
				CLANG_WARN_BOOL_CONVERSION = YES;
				CLANG_WARN_COMMA = YES;
				CLANG_WARN_CONSTANT_CONVERSION = YES;
				CLANG_WARN_DEPRECATED_OBJC_IMPLEMENTATIONS = YES;
				CLANG_WARN_DIRECT_OBJC_ISA_USAGE = YES_ERROR;
				CLANG_WARN_DOCUMENTATION_COMMENTS = YES;
				CLANG_WARN_EMPTY_BODY = YES;
				CLANG_WARN_ENUM_CONVERSION = YES;
				CLANG_WARN_INFINITE_RECURSION = YES;
				CLANG_WARN_INT_CONVERSION = YES;
				CLANG_WARN_NON_LITERAL_NULL_CONVERSION = YES;
				CLANG_WARN_OBJC_IMPLICIT_RETAIN_SELF = YES;
				CLANG_WARN_OBJC_LITERAL_CONVERSION = YES;
				CLANG_WARN_OBJC_ROOT_CLASS = YES_ERROR;
				CLANG_WARN_QUOTED_INCLUDE_IN_FRAMEWORK_HEADER = YES;
				CLANG_WARN_RANGE_LOOP_ANALYSIS = YES;
				CLANG_WARN_STRICT_PROTOTYPES = YES;
				CLANG_WARN_SUSPICIOUS_MOVE = YES;
				CLANG_WARN_UNGUARDED_AVAILABILITY = YES_AGGRESSIVE;
				CLANG_WARN_UNREACHABLE_CODE = YES;
				CLANG_WARN__DUPLICATE_METHOD_MATCH = YES;
				COPY_PHASE_STRIP = NO;
				DEBUG_INFORMATION_FORMAT = dwarf;
				ENABLE_STRICT_OBJC_MSGSEND = YES;
				ENABLE_TESTABILITY = YES;
				GCC_C_LANGUAGE_STANDARD = gnu11;
				GCC_DYNAMIC_NO_PIC = NO;
				GCC_NO_COMMON_BLOCKS = YES;
				GCC_OPTIMIZATION_LEVEL = 0;
				GCC_PREPROCESSOR_DEFINITIONS = (
					"DEBUG=1",
					"$(inherited)",
				);
				GCC_WARN_64_TO_32_BIT_CONVERSION = YES;
				GCC_WARN_ABOUT_RETURN_TYPE = YES_ERROR;
				GCC_WARN_UNDECLARED_SELECTOR = YES;
				GCC_WARN_UNINITIALIZED_AUTOS = YES_AGGRESSIVE;
				GCC_WARN_UNUSED_FUNCTION = YES;
				GCC_WARN_UNUSED_VARIABLE = YES;
				IPHONEOS_DEPLOYMENT_TARGET = 16.2;
				MTL_ENABLE_DEBUG_INFO = INCLUDE_SOURCE;
				MTL_FAST_MATH = YES;
				ONLY_ACTIVE_ARCH = YES;
				SDKROOT = iphoneos;
				SWIFT_ACTIVE_COMPILATION_CONDITIONS = DEBUG;
				SWIFT_OPTIMIZATION_LEVEL = "-Onone";
			};
			name = Debug;
		};
		53002F792992E09E00434200 /* Release */ = {
			isa = XCBuildConfiguration;
			buildSettings = {
				ALWAYS_SEARCH_USER_PATHS = NO;
				CLANG_ANALYZER_NONNULL = YES;
				CLANG_ANALYZER_NUMBER_OBJECT_CONVERSION = YES_AGGRESSIVE;
				CLANG_CXX_LANGUAGE_STANDARD = "gnu++20";
				CLANG_ENABLE_MODULES = YES;
				CLANG_ENABLE_OBJC_ARC = YES;
				CLANG_ENABLE_OBJC_WEAK = YES;
				CLANG_WARN_BLOCK_CAPTURE_AUTORELEASING = YES;
				CLANG_WARN_BOOL_CONVERSION = YES;
				CLANG_WARN_COMMA = YES;
				CLANG_WARN_CONSTANT_CONVERSION = YES;
				CLANG_WARN_DEPRECATED_OBJC_IMPLEMENTATIONS = YES;
				CLANG_WARN_DIRECT_OBJC_ISA_USAGE = YES_ERROR;
				CLANG_WARN_DOCUMENTATION_COMMENTS = YES;
				CLANG_WARN_EMPTY_BODY = YES;
				CLANG_WARN_ENUM_CONVERSION = YES;
				CLANG_WARN_INFINITE_RECURSION = YES;
				CLANG_WARN_INT_CONVERSION = YES;
				CLANG_WARN_NON_LITERAL_NULL_CONVERSION = YES;
				CLANG_WARN_OBJC_IMPLICIT_RETAIN_SELF = YES;
				CLANG_WARN_OBJC_LITERAL_CONVERSION = YES;
				CLANG_WARN_OBJC_ROOT_CLASS = YES_ERROR;
				CLANG_WARN_QUOTED_INCLUDE_IN_FRAMEWORK_HEADER = YES;
				CLANG_WARN_RANGE_LOOP_ANALYSIS = YES;
				CLANG_WARN_STRICT_PROTOTYPES = YES;
				CLANG_WARN_SUSPICIOUS_MOVE = YES;
				CLANG_WARN_UNGUARDED_AVAILABILITY = YES_AGGRESSIVE;
				CLANG_WARN_UNREACHABLE_CODE = YES;
				CLANG_WARN__DUPLICATE_METHOD_MATCH = YES;
				COPY_PHASE_STRIP = NO;
				DEBUG_INFORMATION_FORMAT = "dwarf-with-dsym";
				ENABLE_NS_ASSERTIONS = NO;
				ENABLE_STRICT_OBJC_MSGSEND = YES;
				GCC_C_LANGUAGE_STANDARD = gnu11;
				GCC_NO_COMMON_BLOCKS = YES;
				GCC_WARN_64_TO_32_BIT_CONVERSION = YES;
				GCC_WARN_ABOUT_RETURN_TYPE = YES_ERROR;
				GCC_WARN_UNDECLARED_SELECTOR = YES;
				GCC_WARN_UNINITIALIZED_AUTOS = YES_AGGRESSIVE;
				GCC_WARN_UNUSED_FUNCTION = YES;
				GCC_WARN_UNUSED_VARIABLE = YES;
				IPHONEOS_DEPLOYMENT_TARGET = 16.2;
				MTL_ENABLE_DEBUG_INFO = NO;
				MTL_FAST_MATH = YES;
				SDKROOT = iphoneos;
				SWIFT_COMPILATION_MODE = wholemodule;
				SWIFT_OPTIMIZATION_LEVEL = "-O";
				VALIDATE_PRODUCT = YES;
			};
			name = Release;
		};
		53002F7B2992E09E00434200 /* Debug */ = {
			isa = XCBuildConfiguration;
			buildSettings = {
				ASSETCATALOG_COMPILER_APPICON_NAME = AppIcon;
				ASSETCATALOG_COMPILER_GLOBAL_ACCENT_COLOR_NAME = AccentColor;
				CODE_SIGN_STYLE = Automatic;
				CURRENT_PROJECT_VERSION = 1;
				DEVELOPMENT_ASSET_PATHS = "\"Africa/Preview Content\"";
				DEVELOPMENT_TEAM = 3URHWHCC7C;
				ENABLE_PREVIEWS = YES;
				GENERATE_INFOPLIST_FILE = YES;
				INFOPLIST_FILE = Africa/Info.plist;
				INFOPLIST_KEY_UIApplicationSceneManifest_Generation = YES;
				INFOPLIST_KEY_UIApplicationSupportsIndirectInputEvents = YES;
				INFOPLIST_KEY_UISupportedInterfaceOrientations_iPad = "UIInterfaceOrientationPortrait UIInterfaceOrientationPortraitUpsideDown UIInterfaceOrientationLandscapeLeft UIInterfaceOrientationLandscapeRight";
				INFOPLIST_KEY_UISupportedInterfaceOrientations_iPhone = "UIInterfaceOrientationPortrait UIInterfaceOrientationLandscapeLeft UIInterfaceOrientationLandscapeRight";
				INFOPLIST_KEY_UIUserInterfaceStyle = Dark;
				LD_RUNPATH_SEARCH_PATHS = (
					"$(inherited)",
					"@executable_path/Frameworks",
				);
				MARKETING_VERSION = 1.0;
				PRODUCT_BUNDLE_IDENTIFIER = csharpTech.net.Africa;
				PRODUCT_NAME = "$(TARGET_NAME)";
				SUPPORTED_PLATFORMS = "iphoneos iphonesimulator";
				SUPPORTS_MACCATALYST = NO;
				SUPPORTS_MAC_DESIGNED_FOR_IPHONE_IPAD = NO;
				SWIFT_EMIT_LOC_STRINGS = YES;
				SWIFT_VERSION = 5.0;
				TARGETED_DEVICE_FAMILY = "1,2";
			};
			name = Debug;
		};
		53002F7C2992E09E00434200 /* Release */ = {
			isa = XCBuildConfiguration;
			buildSettings = {
				ASSETCATALOG_COMPILER_APPICON_NAME = AppIcon;
				ASSETCATALOG_COMPILER_GLOBAL_ACCENT_COLOR_NAME = AccentColor;
				CODE_SIGN_STYLE = Automatic;
				CURRENT_PROJECT_VERSION = 1;
				DEVELOPMENT_ASSET_PATHS = "\"Africa/Preview Content\"";
				DEVELOPMENT_TEAM = 3URHWHCC7C;
				ENABLE_PREVIEWS = YES;
				GENERATE_INFOPLIST_FILE = YES;
				INFOPLIST_FILE = Africa/Info.plist;
				INFOPLIST_KEY_UIApplicationSceneManifest_Generation = YES;
				INFOPLIST_KEY_UIApplicationSupportsIndirectInputEvents = YES;
				INFOPLIST_KEY_UISupportedInterfaceOrientations_iPad = "UIInterfaceOrientationPortrait UIInterfaceOrientationPortraitUpsideDown UIInterfaceOrientationLandscapeLeft UIInterfaceOrientationLandscapeRight";
				INFOPLIST_KEY_UISupportedInterfaceOrientations_iPhone = "UIInterfaceOrientationPortrait UIInterfaceOrientationLandscapeLeft UIInterfaceOrientationLandscapeRight";
				INFOPLIST_KEY_UIUserInterfaceStyle = Dark;
				LD_RUNPATH_SEARCH_PATHS = (
					"$(inherited)",
					"@executable_path/Frameworks",
				);
				MARKETING_VERSION = 1.0;
				PRODUCT_BUNDLE_IDENTIFIER = csharpTech.net.Africa;
				PRODUCT_NAME = "$(TARGET_NAME)";
				SUPPORTED_PLATFORMS = "iphoneos iphonesimulator";
				SUPPORTS_MACCATALYST = NO;
				SUPPORTS_MAC_DESIGNED_FOR_IPHONE_IPAD = NO;
				SWIFT_EMIT_LOC_STRINGS = YES;
				SWIFT_VERSION = 5.0;
				TARGETED_DEVICE_FAMILY = "1,2";
			};
			name = Release;
		};
/* End XCBuildConfiguration section */

/* Begin XCConfigurationList section */
		53002F672992E09D00434200 /* Build configuration list for PBXProject "Africa" */ = {
			isa = XCConfigurationList;
			buildConfigurations = (
				53002F782992E09E00434200 /* Debug */,
				53002F792992E09E00434200 /* Release */,
			);
			defaultConfigurationIsVisible = 0;
			defaultConfigurationName = Release;
		};
		53002F7A2992E09E00434200 /* Build configuration list for PBXNativeTarget "Africa" */ = {
			isa = XCConfigurationList;
			buildConfigurations = (
				53002F7B2992E09E00434200 /* Debug */,
				53002F7C2992E09E00434200 /* Release */,
			);
			defaultConfigurationIsVisible = 0;
			defaultConfigurationName = Release;
		};
/* End XCConfigurationList section */
	};
	rootObject = 53002F642992E09D00434200 /* Project object */;
}
